
Microsoft Visual Studio Solution File, Format Version 12.00
# Visual Studio Version 16
VisualStudioVersion = 17.0.31611.283
MinimumVisualStudioVersion = 10.0.40219.1
Project("{FAE04EC0-301F-11D3-BF4B-00C04F79EFBC}") = "MapboxMauiQs", "src\qs\MapboxMauiQs\MapboxMauiQs.csproj", "{592A4849-FA0F-411A-947F-D71BA1160333}"
EndProject
Project("{FAE04EC0-301F-11D3-BF4B-00C04F79EFBC}") = "Net7IOSQs", "src\qs\Net7IOSQs\Net7IOSQs.csproj", "{D2F1B68B-EF9F-4705-994F-68D892105228}"
EndProject
Project("{FAE04EC0-301F-11D3-BF4B-00C04F79EFBC}") = "Net7DroidQs", "src\qs\Net7DroidQs\Net7DroidQs.csproj", "{B85F7DD7-C2FD-4BED-9D7F-5EB08D594C34}"
EndProject
Project("{2150E333-8FDC-42A3-9474-1A3956D46DE8}") = "qs", "qs", "{9E68E487-D5EF-4B2A-9144-9503DB605268}"
EndProject
Project("{2150E333-8FDC-42A3-9474-1A3956D46DE8}") = "libs", "libs", "{C0930170-0C31-4F11-B542-BCC38BB10CC1}"
EndProject
Project("{FAE04EC0-301F-11D3-BF4B-00C04F79EFBC}") = "Mapbox.Maui", "src\libs\Mapbox.Maui\Mapbox.Maui.csproj", "{2D559B2E-EE3C-45E0-9963-7F681F88152D}"
EndProject
Project("{2150E333-8FDC-42A3-9474-1A3956D46DE8}") = "tools", "tools", "{F2528DCC-46A7-4ECA-9492-A900527E89E0}"
	ProjectSection(SolutionItems) = preProject
		build.cake = build.cake
	EndProjectSection
EndProject
Global
	GlobalSection(SolutionConfigurationPlatforms) = preSolution
		Debug|Any CPU = Debug|Any CPU
		Release|Any CPU = Release|Any CPU
	EndGlobalSection
	GlobalSection(ProjectConfigurationPlatforms) = postSolution
		{592A4849-FA0F-411A-947F-D71BA1160333}.Debug|Any CPU.ActiveCfg = Debug|Any CPU
		{592A4849-FA0F-411A-947F-D71BA1160333}.Debug|Any CPU.Build.0 = Debug|Any CPU
		{592A4849-FA0F-411A-947F-D71BA1160333}.Debug|Any CPU.Deploy.0 = Debug|Any CPU
		{592A4849-FA0F-411A-947F-D71BA1160333}.Release|Any CPU.ActiveCfg = Release|Any CPU
		{592A4849-FA0F-411A-947F-D71BA1160333}.Release|Any CPU.Build.0 = Release|Any CPU
		{592A4849-FA0F-411A-947F-D71BA1160333}.Release|Any CPU.Deploy.0 = Release|Any CPU
		{D2F1B68B-EF9F-4705-994F-68D892105228}.Debug|Any CPU.ActiveCfg = Debug|Any CPU
		{D2F1B68B-EF9F-4705-994F-68D892105228}.Debug|Any CPU.Build.0 = Debug|Any CPU
		{D2F1B68B-EF9F-4705-994F-68D892105228}.Release|Any CPU.ActiveCfg = Release|Any CPU
		{D2F1B68B-EF9F-4705-994F-68D892105228}.Release|Any CPU.Build.0 = Release|Any CPU
		{B85F7DD7-C2FD-4BED-9D7F-5EB08D594C34}.Debug|Any CPU.ActiveCfg = Debug|Any CPU
		{B85F7DD7-C2FD-4BED-9D7F-5EB08D594C34}.Debug|Any CPU.Build.0 = Debug|Any CPU
		{B85F7DD7-C2FD-4BED-9D7F-5EB08D594C34}.Release|Any CPU.ActiveCfg = Release|Any CPU
		{B85F7DD7-C2FD-4BED-9D7F-5EB08D594C34}.Release|Any CPU.Build.0 = Release|Any CPU
		{2D559B2E-EE3C-45E0-9963-7F681F88152D}.Debug|Any CPU.ActiveCfg = Debug|Any CPU
		{2D559B2E-EE3C-45E0-9963-7F681F88152D}.Debug|Any CPU.Build.0 = Debug|Any CPU
		{2D559B2E-EE3C-45E0-9963-7F681F88152D}.Release|Any CPU.ActiveCfg = Release|Any CPU
		{2D559B2E-EE3C-45E0-9963-7F681F88152D}.Release|Any CPU.Build.0 = Release|Any CPU
	EndGlobalSection
	GlobalSection(SolutionProperties) = preSolution
		HideSolutionNode = FALSE
	EndGlobalSection
	GlobalSection(ExtensibilityGlobals) = postSolution
		SolutionGuid = {61F7FB11-1E47-470C-91E2-47F8143E1572}
	EndGlobalSection
	GlobalSection(NestedProjects) = preSolution
		{592A4849-FA0F-411A-947F-D71BA1160333} = {9E68E487-D5EF-4B2A-9144-9503DB605268}
		{B85F7DD7-C2FD-4BED-9D7F-5EB08D594C34} = {9E68E487-D5EF-4B2A-9144-9503DB605268}
		{D2F1B68B-EF9F-4705-994F-68D892105228} = {9E68E487-D5EF-4B2A-9144-9503DB605268}
		{2D559B2E-EE3C-45E0-9963-7F681F88152D} = {C0930170-0C31-4F11-B542-BCC38BB10CC1}
	EndGlobalSection
EndGlobal
